{
  "requires": true,
  "lockfileVersion": 1,
  "dependencies": {
    "metaproperties": {
      "version": "1.0.2",
      "resolved": "https://registry.npmjs.org/metaproperties/-/metaproperties-1.0.2.tgz",
      "integrity": "sha512-lIn22foDBkj4/TL75L3SEDD6hxALS0ogNRMc2Vr02INNslLnrpdzkzMtNXE9C+LY4BzDS2KPq/+1sWPOqawWlQ=="
    },
    "uws": {
      "version": "10.148.0",
      "resolved": "https://registry.npmjs.org/uws/-/uws-10.148.0.tgz",
      "integrity": "sha512-aJpFgMMyxubiE/ll4nj9nWoQbv0HzZZDWXfwyu78nuFObX0Zoyv3TWjkqKPQ1vb2sMPZoz67tri7QNE6dybNmQ=="
    }
  }
}
